
Microsoft Visual Studio Solution File, Format Version 12.00
# Visual Studio Version 17
VisualStudioVersion = 17.5.002.0
MinimumVisualStudioVersion = 10.0.40219.1
Project("{9A19103F-16F7-4668-BE54-9A1E7A4F7556}") = "Avaliação MVC", "Avaliação MVC.csproj", "{FECC7FBB-B227-489B-A2E6-8B17F3DAD294}"
EndProject
Global
	GlobalSection(SolutionConfigurationPlatforms) = preSolution
		Debug|Any CPU = Debug|Any CPU
		Release|Any CPU = Release|Any CPU
	EndGlobalSection
	GlobalSection(ProjectConfigurationPlatforms) = postSolution
		{FECC7FBB-B227-489B-A2E6-8B17F3DAD294}.Debug|Any CPU.ActiveCfg = Debug|Any CPU
		{FECC7FBB-B227-489B-A2E6-8B17F3DAD294}.Debug|Any CPU.Build.0 = Debug|Any CPU
		{FECC7FBB-B227-489B-A2E6-8B17F3DAD294}.Release|Any CPU.ActiveCfg = Release|Any CPU
		{FECC7FBB-B227-489B-A2E6-8B17F3DAD294}.Release|Any CPU.Build.0 = Release|Any CPU
	EndGlobalSection
	GlobalSection(SolutionProperties) = preSolution
		HideSolutionNode = FALSE
	EndGlobalSection
	GlobalSection(ExtensibilityGlobals) = postSolution
		SolutionGuid = {39E61A65-B481-46E9-BC69-A3D6707AAE5D}
	EndGlobalSection
EndGlobal
